
Microsoft Visual Studio Solution File, Format Version 12.00
# Visual Studio Version 17
VisualStudioVersion = 17.4.33110.190
MinimumVisualStudioVersion = 10.0.40219.1
Project("{FAE04EC0-301F-11D3-BF4B-00C04F79EFBC}") = "ObsFrameworkNuget", "ObsFrameworkNuget\ObsFrameworkNuget.csproj", "{FD5905AF-EC2C-4DCC-BA7A-2316282975EA}"
EndProject
Project("{9A19103F-16F7-4668-BE54-9A1E7A4F7556}") = "ObsNetNuget", "ObsNetNuget\ObsNetNuget.csproj", "{C7FF3EFE-B494-4DD1-B78F-9FA7A634A3BE}"
EndProject
Project("{FAE04EC0-301F-11D3-BF4B-00C04F79EFBC}") = "ObsFrameworkAssemblyReference", "ObsFrameworkAssemblyReference\ObsFrameworkAssemblyReference.csproj", "{B673F832-5947-4E37-A7E7-5F412826057B}"
EndProject
Project("{9A19103F-16F7-4668-BE54-9A1E7A4F7556}") = "ObsNetAssemblyReference", "ObsNetAssemblyReference\ObsNetAssemblyReference.csproj", "{E3854BDF-82C0-4F0D-8CFE-7C212774272D}"
EndProject
Global
	GlobalSection(SolutionConfigurationPlatforms) = preSolution
		Debug|Any CPU = Debug|Any CPU
		Debug|x64 = Debug|x64
		Debug|x86 = Debug|x86
		Release|Any CPU = Release|Any CPU
		Release|x64 = Release|x64
		Release|x86 = Release|x86
	EndGlobalSection
	GlobalSection(ProjectConfigurationPlatforms) = postSolution
		{FD5905AF-EC2C-4DCC-BA7A-2316282975EA}.Debug|Any CPU.ActiveCfg = Debug|Any CPU
		{FD5905AF-EC2C-4DCC-BA7A-2316282975EA}.Debug|Any CPU.Build.0 = Debug|Any CPU
		{FD5905AF-EC2C-4DCC-BA7A-2316282975EA}.Debug|x64.ActiveCfg = Debug|Any CPU
		{FD5905AF-EC2C-4DCC-BA7A-2316282975EA}.Debug|x64.Build.0 = Debug|Any CPU
		{FD5905AF-EC2C-4DCC-BA7A-2316282975EA}.Debug|x86.ActiveCfg = Debug|Any CPU
		{FD5905AF-EC2C-4DCC-BA7A-2316282975EA}.Debug|x86.Build.0 = Debug|Any CPU
		{FD5905AF-EC2C-4DCC-BA7A-2316282975EA}.Release|Any CPU.ActiveCfg = Release|Any CPU
		{FD5905AF-EC2C-4DCC-BA7A-2316282975EA}.Release|Any CPU.Build.0 = Release|Any CPU
		{FD5905AF-EC2C-4DCC-BA7A-2316282975EA}.Release|x64.ActiveCfg = Release|Any CPU
		{FD5905AF-EC2C-4DCC-BA7A-2316282975EA}.Release|x64.Build.0 = Release|Any CPU
		{FD5905AF-EC2C-4DCC-BA7A-2316282975EA}.Release|x86.ActiveCfg = Release|Any CPU
		{FD5905AF-EC2C-4DCC-BA7A-2316282975EA}.Release|x86.Build.0 = Release|Any CPU
		{C7FF3EFE-B494-4DD1-B78F-9FA7A634A3BE}.Debug|Any CPU.ActiveCfg = Debug|Any CPU
		{C7FF3EFE-B494-4DD1-B78F-9FA7A634A3BE}.Debug|Any CPU.Build.0 = Debug|Any CPU
		{C7FF3EFE-B494-4DD1-B78F-9FA7A634A3BE}.Debug|x64.ActiveCfg = Debug|Any CPU
		{C7FF3EFE-B494-4DD1-B78F-9FA7A634A3BE}.Debug|x64.Build.0 = Debug|Any CPU
		{C7FF3EFE-B494-4DD1-B78F-9FA7A634A3BE}.Debug|x86.ActiveCfg = Debug|Any CPU
		{C7FF3EFE-B494-4DD1-B78F-9FA7A634A3BE}.Debug|x86.Build.0 = Debug|Any CPU
		{C7FF3EFE-B494-4DD1-B78F-9FA7A634A3BE}.Release|Any CPU.ActiveCfg = Release|Any CPU
		{C7FF3EFE-B494-4DD1-B78F-9FA7A634A3BE}.Release|Any CPU.Build.0 = Release|Any CPU
		{C7FF3EFE-B494-4DD1-B78F-9FA7A634A3BE}.Release|x64.ActiveCfg = Release|Any CPU
		{C7FF3EFE-B494-4DD1-B78F-9FA7A634A3BE}.Release|x64.Build.0 = Release|Any CPU
		{C7FF3EFE-B494-4DD1-B78F-9FA7A634A3BE}.Release|x86.ActiveCfg = Release|Any CPU
		{C7FF3EFE-B494-4DD1-B78F-9FA7A634A3BE}.Release|x86.Build.0 = Release|Any CPU
		{B673F832-5947-4E37-A7E7-5F412826057B}.Debug|Any CPU.ActiveCfg = Debug|Any CPU
		{B673F832-5947-4E37-A7E7-5F412826057B}.Debug|Any CPU.Build.0 = Debug|Any CPU
		{B673F832-5947-4E37-A7E7-5F412826057B}.Debug|x64.ActiveCfg = Debug|Any CPU
		{B673F832-5947-4E37-A7E7-5F412826057B}.Debug|x64.Build.0 = Debug|Any CPU
		{B673F832-5947-4E37-A7E7-5F412826057B}.Debug|x86.ActiveCfg = Debug|Any CPU
		{B673F832-5947-4E37-A7E7-5F412826057B}.Debug|x86.Build.0 = Debug|Any CPU
		{B673F832-5947-4E37-A7E7-5F412826057B}.Release|Any CPU.ActiveCfg = Release|Any CPU
		{B673F832-5947-4E37-A7E7-5F412826057B}.Release|Any CPU.Build.0 = Release|Any CPU
		{B673F832-5947-4E37-A7E7-5F412826057B}.Release|x64.ActiveCfg = Release|Any CPU
		{B673F832-5947-4E37-A7E7-5F412826057B}.Release|x64.Build.0 = Release|Any CPU
		{B673F832-5947-4E37-A7E7-5F412826057B}.Release|x86.ActiveCfg = Release|Any CPU
		{B673F832-5947-4E37-A7E7-5F412826057B}.Release|x86.Build.0 = Release|Any CPU
		{E3854BDF-82C0-4F0D-8CFE-7C212774272D}.Debug|Any CPU.ActiveCfg = Debug|Any CPU
		{E3854BDF-82C0-4F0D-8CFE-7C212774272D}.Debug|Any CPU.Build.0 = Debug|Any CPU
		{E3854BDF-82C0-4F0D-8CFE-7C212774272D}.Debug|x64.ActiveCfg = Debug|Any CPU
		{E3854BDF-82C0-4F0D-8CFE-7C212774272D}.Debug|x64.Build.0 = Debug|Any CPU
		{E3854BDF-82C0-4F0D-8CFE-7C212774272D}.Debug|x86.ActiveCfg = Debug|Any CPU
		{E3854BDF-82C0-4F0D-8CFE-7C212774272D}.Debug|x86.Build.0 = Debug|Any CPU
		{E3854BDF-82C0-4F0D-8CFE-7C212774272D}.Release|Any CPU.ActiveCfg = Release|Any CPU
		{E3854BDF-82C0-4F0D-8CFE-7C212774272D}.Release|Any CPU.Build.0 = Release|Any CPU
		{E3854BDF-82C0-4F0D-8CFE-7C212774272D}.Release|x64.ActiveCfg = Release|Any CPU
		{E3854BDF-82C0-4F0D-8CFE-7C212774272D}.Release|x64.Build.0 = Release|Any CPU
		{E3854BDF-82C0-4F0D-8CFE-7C212774272D}.Release|x86.ActiveCfg = Release|Any CPU
		{E3854BDF-82C0-4F0D-8CFE-7C212774272D}.Release|x86.Build.0 = Release|Any CPU
	EndGlobalSection
	GlobalSection(SolutionProperties) = preSolution
		HideSolutionNode = FALSE
	EndGlobalSection
	GlobalSection(ExtensibilityGlobals) = postSolution
		SolutionGuid = {9183BD1B-E13E-4083-B23F-BADFB07FEDEA}
	EndGlobalSection
EndGlobal
