
Microsoft Visual Studio Solution File, Format Version 12.00
# Visual Studio Version 17
VisualStudioVersion = 17.4.33110.190
MinimumVisualStudioVersion = 10.0.40219.1
Project("{FAE04EC0-301F-11D3-BF4B-00C04F79EFBC}") = "Framework.ConsoleApp", "Framework.ConsoleApp\Framework.ConsoleApp.csproj", "{DDE71808-2A60-4D11-8844-E8BED18F9380}"
EndProject
Project("{9A19103F-16F7-4668-BE54-9A1E7A4F7556}") = "NET.ConsoleApp", "NET.ConsoleApp\NET.ConsoleApp.csproj", "{FE8F7FD0-4C5B-4FC2-8C6D-AAFB704F1A11}"
EndProject
Project("{FAE04EC0-301F-11D3-BF4B-00C04F79EFBC}") = "Framework.WindowsForms", "Framework.WindowsForms\Framework.WindowsForms.csproj", "{A4812261-9AF3-41DF-A0AC-74595A185C0F}"
EndProject
Project("{FAE04EC0-301F-11D3-BF4B-00C04F79EFBC}") = "Framework.Wpf", "Framework.Wpf\Framework.Wpf.csproj", "{9B690692-F49A-4B95-8780-D1935B01EBAA}"
EndProject
Project("{9A19103F-16F7-4668-BE54-9A1E7A4F7556}") = "Net.WindowsForms", "Net.WindowsForms\Net.WindowsForms.csproj", "{670CDFCE-C4E1-4B1A-99D5-74A4FF4C49FF}"
EndProject
Project("{9A19103F-16F7-4668-BE54-9A1E7A4F7556}") = "Net.Wpf", "Net.Wpf\Net.Wpf.csproj", "{F0F7AE34-494E-42AC-9FC2-282DBEC8C8B9}"
EndProject
Global
	GlobalSection(SolutionConfigurationPlatforms) = preSolution
		Debug|Any CPU = Debug|Any CPU
		Debug|x64 = Debug|x64
		Debug|x86 = Debug|x86
		Release|Any CPU = Release|Any CPU
		Release|x64 = Release|x64
		Release|x86 = Release|x86
	EndGlobalSection
	GlobalSection(ProjectConfigurationPlatforms) = postSolution
		{F8FFC540-AAD7-480C-B6EC-23FA8FDA5048}.Debug|Any CPU.ActiveCfg = Debug|Any CPU
		{F8FFC540-AAD7-480C-B6EC-23FA8FDA5048}.Debug|Any CPU.Build.0 = Debug|Any CPU
		{F8FFC540-AAD7-480C-B6EC-23FA8FDA5048}.Debug|x64.ActiveCfg = Debug|x64
		{F8FFC540-AAD7-480C-B6EC-23FA8FDA5048}.Debug|x64.Build.0 = Debug|x64
		{F8FFC540-AAD7-480C-B6EC-23FA8FDA5048}.Debug|x86.ActiveCfg = Debug|Any CPU
		{F8FFC540-AAD7-480C-B6EC-23FA8FDA5048}.Debug|x86.Build.0 = Debug|Any CPU
		{F8FFC540-AAD7-480C-B6EC-23FA8FDA5048}.Release|Any CPU.ActiveCfg = Release|Any CPU
		{F8FFC540-AAD7-480C-B6EC-23FA8FDA5048}.Release|Any CPU.Build.0 = Release|Any CPU
		{F8FFC540-AAD7-480C-B6EC-23FA8FDA5048}.Release|x64.ActiveCfg = Release|Any CPU
		{F8FFC540-AAD7-480C-B6EC-23FA8FDA5048}.Release|x64.Build.0 = Release|Any CPU
		{F8FFC540-AAD7-480C-B6EC-23FA8FDA5048}.Release|x86.ActiveCfg = Release|Any CPU
		{F8FFC540-AAD7-480C-B6EC-23FA8FDA5048}.Release|x86.Build.0 = Release|Any CPU
		{19703DE0-EF23-480E-935B-EDD564562308}.Debug|Any CPU.ActiveCfg = Debug|Any CPU
		{19703DE0-EF23-480E-935B-EDD564562308}.Debug|Any CPU.Build.0 = Debug|Any CPU
		{19703DE0-EF23-480E-935B-EDD564562308}.Debug|x64.ActiveCfg = Debug|Any CPU
		{19703DE0-EF23-480E-935B-EDD564562308}.Debug|x64.Build.0 = Debug|Any CPU
		{19703DE0-EF23-480E-935B-EDD564562308}.Debug|x86.ActiveCfg = Debug|Any CPU
		{19703DE0-EF23-480E-935B-EDD564562308}.Debug|x86.Build.0 = Debug|Any CPU
		{19703DE0-EF23-480E-935B-EDD564562308}.Release|Any CPU.ActiveCfg = Release|Any CPU
		{19703DE0-EF23-480E-935B-EDD564562308}.Release|Any CPU.Build.0 = Release|Any CPU
		{19703DE0-EF23-480E-935B-EDD564562308}.Release|x64.ActiveCfg = Release|Any CPU
		{19703DE0-EF23-480E-935B-EDD564562308}.Release|x64.Build.0 = Release|Any CPU
		{19703DE0-EF23-480E-935B-EDD564562308}.Release|x86.ActiveCfg = Release|Any CPU
		{19703DE0-EF23-480E-935B-EDD564562308}.Release|x86.Build.0 = Release|Any CPU
		{10FC7BA4-03DD-4199-AC34-6E995443AEDD}.Debug|Any CPU.ActiveCfg = Debug|Any CPU
		{10FC7BA4-03DD-4199-AC34-6E995443AEDD}.Debug|Any CPU.Build.0 = Debug|Any CPU
		{10FC7BA4-03DD-4199-AC34-6E995443AEDD}.Debug|x64.ActiveCfg = Debug|Any CPU
		{10FC7BA4-03DD-4199-AC34-6E995443AEDD}.Debug|x64.Build.0 = Debug|Any CPU
		{10FC7BA4-03DD-4199-AC34-6E995443AEDD}.Debug|x86.ActiveCfg = Debug|Any CPU
		{10FC7BA4-03DD-4199-AC34-6E995443AEDD}.Debug|x86.Build.0 = Debug|Any CPU
		{10FC7BA4-03DD-4199-AC34-6E995443AEDD}.Release|Any CPU.ActiveCfg = Release|Any CPU
		{10FC7BA4-03DD-4199-AC34-6E995443AEDD}.Release|Any CPU.Build.0 = Release|Any CPU
		{10FC7BA4-03DD-4199-AC34-6E995443AEDD}.Release|x64.ActiveCfg = Release|Any CPU
		{10FC7BA4-03DD-4199-AC34-6E995443AEDD}.Release|x64.Build.0 = Release|Any CPU
		{10FC7BA4-03DD-4199-AC34-6E995443AEDD}.Release|x86.ActiveCfg = Release|Any CPU
		{10FC7BA4-03DD-4199-AC34-6E995443AEDD}.Release|x86.Build.0 = Release|Any CPU
		{AC131E83-D651-4C0B-862E-687003C357AF}.Debug|Any CPU.ActiveCfg = Debug|Any CPU
		{AC131E83-D651-4C0B-862E-687003C357AF}.Debug|Any CPU.Build.0 = Debug|Any CPU
		{AC131E83-D651-4C0B-862E-687003C357AF}.Debug|x64.ActiveCfg = Debug|x64
		{AC131E83-D651-4C0B-862E-687003C357AF}.Debug|x64.Build.0 = Debug|x64
		{AC131E83-D651-4C0B-862E-687003C357AF}.Debug|x86.ActiveCfg = Debug|x86
		{AC131E83-D651-4C0B-862E-687003C357AF}.Debug|x86.Build.0 = Debug|x86
		{AC131E83-D651-4C0B-862E-687003C357AF}.Release|Any CPU.ActiveCfg = Release|Any CPU
		{AC131E83-D651-4C0B-862E-687003C357AF}.Release|Any CPU.Build.0 = Release|Any CPU
		{AC131E83-D651-4C0B-862E-687003C357AF}.Release|x64.ActiveCfg = Release|x64
		{AC131E83-D651-4C0B-862E-687003C357AF}.Release|x64.Build.0 = Release|x64
		{AC131E83-D651-4C0B-862E-687003C357AF}.Release|x86.ActiveCfg = Release|x86
		{AC131E83-D651-4C0B-862E-687003C357AF}.Release|x86.Build.0 = Release|x86
		{D91EE947-6A23-4C5A-81DD-7DAB80A9FF70}.Debug|Any CPU.ActiveCfg = Debug|Any CPU
		{D91EE947-6A23-4C5A-81DD-7DAB80A9FF70}.Debug|Any CPU.Build.0 = Debug|Any CPU
		{D91EE947-6A23-4C5A-81DD-7DAB80A9FF70}.Debug|x64.ActiveCfg = Debug|x64
		{D91EE947-6A23-4C5A-81DD-7DAB80A9FF70}.Debug|x64.Build.0 = Debug|x64
		{D91EE947-6A23-4C5A-81DD-7DAB80A9FF70}.Debug|x86.ActiveCfg = Debug|x86
		{D91EE947-6A23-4C5A-81DD-7DAB80A9FF70}.Debug|x86.Build.0 = Debug|x86
		{D91EE947-6A23-4C5A-81DD-7DAB80A9FF70}.Release|Any CPU.ActiveCfg = Release|Any CPU
		{D91EE947-6A23-4C5A-81DD-7DAB80A9FF70}.Release|Any CPU.Build.0 = Release|Any CPU
		{D91EE947-6A23-4C5A-81DD-7DAB80A9FF70}.Release|x64.ActiveCfg = Release|x64
		{D91EE947-6A23-4C5A-81DD-7DAB80A9FF70}.Release|x64.Build.0 = Release|x64
		{D91EE947-6A23-4C5A-81DD-7DAB80A9FF70}.Release|x86.ActiveCfg = Release|x86
		{D91EE947-6A23-4C5A-81DD-7DAB80A9FF70}.Release|x86.Build.0 = Release|x86
		{DDE71808-2A60-4D11-8844-E8BED18F9380}.Debug|Any CPU.ActiveCfg = Debug|Any CPU
		{DDE71808-2A60-4D11-8844-E8BED18F9380}.Debug|Any CPU.Build.0 = Debug|Any CPU
		{DDE71808-2A60-4D11-8844-E8BED18F9380}.Debug|x64.ActiveCfg = Debug|Any CPU
		{DDE71808-2A60-4D11-8844-E8BED18F9380}.Debug|x64.Build.0 = Debug|Any CPU
		{DDE71808-2A60-4D11-8844-E8BED18F9380}.Debug|x86.ActiveCfg = Debug|Any CPU
		{DDE71808-2A60-4D11-8844-E8BED18F9380}.Debug|x86.Build.0 = Debug|Any CPU
		{DDE71808-2A60-4D11-8844-E8BED18F9380}.Release|Any CPU.ActiveCfg = Release|Any CPU
		{DDE71808-2A60-4D11-8844-E8BED18F9380}.Release|Any CPU.Build.0 = Release|Any CPU
		{DDE71808-2A60-4D11-8844-E8BED18F9380}.Release|x64.ActiveCfg = Release|Any CPU
		{DDE71808-2A60-4D11-8844-E8BED18F9380}.Release|x64.Build.0 = Release|Any CPU
		{DDE71808-2A60-4D11-8844-E8BED18F9380}.Release|x86.ActiveCfg = Release|Any CPU
		{DDE71808-2A60-4D11-8844-E8BED18F9380}.Release|x86.Build.0 = Release|Any CPU
		{FE8F7FD0-4C5B-4FC2-8C6D-AAFB704F1A11}.Debug|Any CPU.ActiveCfg = Debug|Any CPU
		{FE8F7FD0-4C5B-4FC2-8C6D-AAFB704F1A11}.Debug|Any CPU.Build.0 = Debug|Any CPU
		{FE8F7FD0-4C5B-4FC2-8C6D-AAFB704F1A11}.Debug|x64.ActiveCfg = Debug|Any CPU
		{FE8F7FD0-4C5B-4FC2-8C6D-AAFB704F1A11}.Debug|x64.Build.0 = Debug|Any CPU
		{FE8F7FD0-4C5B-4FC2-8C6D-AAFB704F1A11}.Debug|x86.ActiveCfg = Debug|Any CPU
		{FE8F7FD0-4C5B-4FC2-8C6D-AAFB704F1A11}.Debug|x86.Build.0 = Debug|Any CPU
		{FE8F7FD0-4C5B-4FC2-8C6D-AAFB704F1A11}.Release|Any CPU.ActiveCfg = Release|Any CPU
		{FE8F7FD0-4C5B-4FC2-8C6D-AAFB704F1A11}.Release|Any CPU.Build.0 = Release|Any CPU
		{FE8F7FD0-4C5B-4FC2-8C6D-AAFB704F1A11}.Release|x64.ActiveCfg = Release|Any CPU
		{FE8F7FD0-4C5B-4FC2-8C6D-AAFB704F1A11}.Release|x64.Build.0 = Release|Any CPU
		{FE8F7FD0-4C5B-4FC2-8C6D-AAFB704F1A11}.Release|x86.ActiveCfg = Release|Any CPU
		{FE8F7FD0-4C5B-4FC2-8C6D-AAFB704F1A11}.Release|x86.Build.0 = Release|Any CPU
		{A4812261-9AF3-41DF-A0AC-74595A185C0F}.Debug|Any CPU.ActiveCfg = Debug|Any CPU
		{A4812261-9AF3-41DF-A0AC-74595A185C0F}.Debug|Any CPU.Build.0 = Debug|Any CPU
		{A4812261-9AF3-41DF-A0AC-74595A185C0F}.Debug|x64.ActiveCfg = Debug|Any CPU
		{A4812261-9AF3-41DF-A0AC-74595A185C0F}.Debug|x64.Build.0 = Debug|Any CPU
		{A4812261-9AF3-41DF-A0AC-74595A185C0F}.Debug|x86.ActiveCfg = Debug|Any CPU
		{A4812261-9AF3-41DF-A0AC-74595A185C0F}.Debug|x86.Build.0 = Debug|Any CPU
		{A4812261-9AF3-41DF-A0AC-74595A185C0F}.Release|Any CPU.ActiveCfg = Release|Any CPU
		{A4812261-9AF3-41DF-A0AC-74595A185C0F}.Release|Any CPU.Build.0 = Release|Any CPU
		{A4812261-9AF3-41DF-A0AC-74595A185C0F}.Release|x64.ActiveCfg = Release|Any CPU
		{A4812261-9AF3-41DF-A0AC-74595A185C0F}.Release|x64.Build.0 = Release|Any CPU
		{A4812261-9AF3-41DF-A0AC-74595A185C0F}.Release|x86.ActiveCfg = Release|Any CPU
		{A4812261-9AF3-41DF-A0AC-74595A185C0F}.Release|x86.Build.0 = Release|Any CPU
		{9B690692-F49A-4B95-8780-D1935B01EBAA}.Debug|Any CPU.ActiveCfg = Debug|Any CPU
		{9B690692-F49A-4B95-8780-D1935B01EBAA}.Debug|Any CPU.Build.0 = Debug|Any CPU
		{9B690692-F49A-4B95-8780-D1935B01EBAA}.Debug|x64.ActiveCfg = Debug|Any CPU
		{9B690692-F49A-4B95-8780-D1935B01EBAA}.Debug|x64.Build.0 = Debug|Any CPU
		{9B690692-F49A-4B95-8780-D1935B01EBAA}.Debug|x86.ActiveCfg = Debug|Any CPU
		{9B690692-F49A-4B95-8780-D1935B01EBAA}.Debug|x86.Build.0 = Debug|Any CPU
		{9B690692-F49A-4B95-8780-D1935B01EBAA}.Release|Any CPU.ActiveCfg = Release|Any CPU
		{9B690692-F49A-4B95-8780-D1935B01EBAA}.Release|Any CPU.Build.0 = Release|Any CPU
		{9B690692-F49A-4B95-8780-D1935B01EBAA}.Release|x64.ActiveCfg = Release|Any CPU
		{9B690692-F49A-4B95-8780-D1935B01EBAA}.Release|x64.Build.0 = Release|Any CPU
		{9B690692-F49A-4B95-8780-D1935B01EBAA}.Release|x86.ActiveCfg = Release|Any CPU
		{9B690692-F49A-4B95-8780-D1935B01EBAA}.Release|x86.Build.0 = Release|Any CPU
		{670CDFCE-C4E1-4B1A-99D5-74A4FF4C49FF}.Debug|Any CPU.ActiveCfg = Debug|Any CPU
		{670CDFCE-C4E1-4B1A-99D5-74A4FF4C49FF}.Debug|Any CPU.Build.0 = Debug|Any CPU
		{670CDFCE-C4E1-4B1A-99D5-74A4FF4C49FF}.Debug|x64.ActiveCfg = Debug|Any CPU
		{670CDFCE-C4E1-4B1A-99D5-74A4FF4C49FF}.Debug|x64.Build.0 = Debug|Any CPU
		{670CDFCE-C4E1-4B1A-99D5-74A4FF4C49FF}.Debug|x86.ActiveCfg = Debug|Any CPU
		{670CDFCE-C4E1-4B1A-99D5-74A4FF4C49FF}.Debug|x86.Build.0 = Debug|Any CPU
		{670CDFCE-C4E1-4B1A-99D5-74A4FF4C49FF}.Release|Any CPU.ActiveCfg = Release|Any CPU
		{670CDFCE-C4E1-4B1A-99D5-74A4FF4C49FF}.Release|Any CPU.Build.0 = Release|Any CPU
		{670CDFCE-C4E1-4B1A-99D5-74A4FF4C49FF}.Release|x64.ActiveCfg = Release|Any CPU
		{670CDFCE-C4E1-4B1A-99D5-74A4FF4C49FF}.Release|x64.Build.0 = Release|Any CPU
		{670CDFCE-C4E1-4B1A-99D5-74A4FF4C49FF}.Release|x86.ActiveCfg = Release|Any CPU
		{670CDFCE-C4E1-4B1A-99D5-74A4FF4C49FF}.Release|x86.Build.0 = Release|Any CPU
		{F0F7AE34-494E-42AC-9FC2-282DBEC8C8B9}.Debug|Any CPU.ActiveCfg = Debug|Any CPU
		{F0F7AE34-494E-42AC-9FC2-282DBEC8C8B9}.Debug|Any CPU.Build.0 = Debug|Any CPU
		{F0F7AE34-494E-42AC-9FC2-282DBEC8C8B9}.Debug|x64.ActiveCfg = Debug|Any CPU
		{F0F7AE34-494E-42AC-9FC2-282DBEC8C8B9}.Debug|x64.Build.0 = Debug|Any CPU
		{F0F7AE34-494E-42AC-9FC2-282DBEC8C8B9}.Debug|x86.ActiveCfg = Debug|Any CPU
		{F0F7AE34-494E-42AC-9FC2-282DBEC8C8B9}.Debug|x86.Build.0 = Debug|Any CPU
		{F0F7AE34-494E-42AC-9FC2-282DBEC8C8B9}.Release|Any CPU.ActiveCfg = Release|Any CPU
		{F0F7AE34-494E-42AC-9FC2-282DBEC8C8B9}.Release|Any CPU.Build.0 = Release|Any CPU
		{F0F7AE34-494E-42AC-9FC2-282DBEC8C8B9}.Release|x64.ActiveCfg = Release|Any CPU
		{F0F7AE34-494E-42AC-9FC2-282DBEC8C8B9}.Release|x64.Build.0 = Release|Any CPU
		{F0F7AE34-494E-42AC-9FC2-282DBEC8C8B9}.Release|x86.ActiveCfg = Release|Any CPU
		{F0F7AE34-494E-42AC-9FC2-282DBEC8C8B9}.Release|x86.Build.0 = Release|Any CPU
	EndGlobalSection
	GlobalSection(SolutionProperties) = preSolution
		HideSolutionNode = FALSE
	EndGlobalSection
	GlobalSection(NestedProjects) = preSolution
		{F8FFC540-AAD7-480C-B6EC-23FA8FDA5048} = {37846C56-8A63-4A0D-B87F-5B18BA2D5848}
		{19703DE0-EF23-480E-935B-EDD564562308} = {37846C56-8A63-4A0D-B87F-5B18BA2D5848}
		{10FC7BA4-03DD-4199-AC34-6E995443AEDD} = {E7861C32-1F65-4922-BEE2-A3B18D7B6A7E}
		{AC131E83-D651-4C0B-862E-687003C357AF} = {37846C56-8A63-4A0D-B87F-5B18BA2D5848}
		{D91EE947-6A23-4C5A-81DD-7DAB80A9FF70} = {E7861C32-1F65-4922-BEE2-A3B18D7B6A7E}
		{DDE71808-2A60-4D11-8844-E8BED18F9380} = {D7829186-30B5-49B6-885D-1C2DB57E4523}
		{FE8F7FD0-4C5B-4FC2-8C6D-AAFB704F1A11} = {D7829186-30B5-49B6-885D-1C2DB57E4523}
		{A4812261-9AF3-41DF-A0AC-74595A185C0F} = {D7829186-30B5-49B6-885D-1C2DB57E4523}
		{9B690692-F49A-4B95-8780-D1935B01EBAA} = {D7829186-30B5-49B6-885D-1C2DB57E4523}
		{670CDFCE-C4E1-4B1A-99D5-74A4FF4C49FF} = {D7829186-30B5-49B6-885D-1C2DB57E4523}
		{F0F7AE34-494E-42AC-9FC2-282DBEC8C8B9} = {D7829186-30B5-49B6-885D-1C2DB57E4523}
	EndGlobalSection
	GlobalSection(ExtensibilityGlobals) = postSolution
		SolutionGuid = {2A905EB0-72E8-4467-B779-6ECDBA076121}
	EndGlobalSection
EndGlobal
